dependencies:
- name: memcached
  repository: https://charts.bitnami.com/bitnami
  version: 6.2.4
- name: memcached
  repository: https://charts.bitnami.com/bitnami
  version: 6.2.4
- name: memcached
  repository: https://charts.bitnami.com/bitnami
  version: 6.2.4
- name: memcached
  repository: https://charts.bitnami.com/bitnami
  version: 6.2.4
- name: memcached
  repository: https://charts.bitnami.com/bitnami
  version: 6.2.4
- name: memcached
  repository: https://charts.bitnami.com/bitnami
  version: 6.2.4
- name: memcached
  repository: https://charts.bitnami.com/bitnami
  version: 6.2.4
digest: sha256:b870013fb0c4508c52e442e3de8938134cf688c25a753e492503c45bc6bcac8f
generated: "2022-09-15T04:58:37.656920418Z"
